
Microsoft Visual Studio Solution File, Format Version 12.00
# Visual Studio Version 17
VisualStudioVersion = 17.10.34814.14
MinimumVisualStudioVersion = 10.0.40219.1
Project("{9A19103F-16F7-4668-BE54-9A1E7A4F7556}") = "DevSpaceWeb", "DevSpaceWeb\DevSpaceWeb.csproj", "{B3259B19-83D8-4D00-BB04-C9C6040E5655}"
EndProject
Project("{9A19103F-16F7-4668-BE54-9A1E7A4F7556}") = "DevSpaceShared", "DevSpaceShared\DevSpaceShared.csproj", "{6B9C0C7B-08E9-4E7E-8149-4069DE4E98D0}"
EndProject
Project("{9A19103F-16F7-4668-BE54-9A1E7A4F7556}") = "DevSpaceAgent", "DevSpaceAgent\DevSpaceAgent.csproj", "{364365FA-6747-48BF-A0F3-AF4C3A92D276}"
EndProject
Global
	GlobalSection(SolutionConfigurationPlatforms) = preSolution
		Debug|Any CPU = Debug|Any CPU
		Release|Any CPU = Release|Any CPU
	EndGlobalSection
	GlobalSection(ProjectConfigurationPlatforms) = postSolution
		{B3259B19-83D8-4D00-BB04-C9C6040E5655}.Debug|Any CPU.ActiveCfg = Debug|Any CPU
		{B3259B19-83D8-4D00-BB04-C9C6040E5655}.Debug|Any CPU.Build.0 = Debug|Any CPU
		{B3259B19-83D8-4D00-BB04-C9C6040E5655}.Release|Any CPU.ActiveCfg = Release|Any CPU
		{B3259B19-83D8-4D00-BB04-C9C6040E5655}.Release|Any CPU.Build.0 = Release|Any CPU
		{6B9C0C7B-08E9-4E7E-8149-4069DE4E98D0}.Debug|Any CPU.ActiveCfg = Debug|Any CPU
		{6B9C0C7B-08E9-4E7E-8149-4069DE4E98D0}.Debug|Any CPU.Build.0 = Debug|Any CPU
		{6B9C0C7B-08E9-4E7E-8149-4069DE4E98D0}.Release|Any CPU.ActiveCfg = Release|Any CPU
		{6B9C0C7B-08E9-4E7E-8149-4069DE4E98D0}.Release|Any CPU.Build.0 = Release|Any CPU
		{364365FA-6747-48BF-A0F3-AF4C3A92D276}.Debug|Any CPU.ActiveCfg = Debug|Any CPU
		{364365FA-6747-48BF-A0F3-AF4C3A92D276}.Debug|Any CPU.Build.0 = Debug|Any CPU
		{364365FA-6747-48BF-A0F3-AF4C3A92D276}.Release|Any CPU.ActiveCfg = Release|Any CPU
		{364365FA-6747-48BF-A0F3-AF4C3A92D276}.Release|Any CPU.Build.0 = Release|Any CPU
	EndGlobalSection
	GlobalSection(SolutionProperties) = preSolution
		HideSolutionNode = FALSE
	EndGlobalSection
	GlobalSection(ExtensibilityGlobals) = postSolution
		SolutionGuid = {A8C7AD1A-9CEE-4956-8919-DF7EEABF8A6C}
	EndGlobalSection
EndGlobal
